
Microsoft Visual Studio Solution File, Format Version 12.00
# Visual Studio Version 17
VisualStudioVersion = 17.12.35527.113 d17.12
MinimumVisualStudioVersion = 10.0.40219.1
Project("{FAE04EC0-301F-11D3-BF4B-00C04F79EFBC}") = "EmployeeManagementWebForm", "EmployeeManagementWebForm\EmployeeManagementWebForm.csproj", "{2521674F-3373-4434-AE72-AFBA37D9F7DA}"
EndProject
Global
	GlobalSection(SolutionConfigurationPlatforms) = preSolution
		Debug|Any CPU = Debug|Any CPU
		Release|Any CPU = Release|Any CPU
	EndGlobalSection
	GlobalSection(ProjectConfigurationPlatforms) = postSolution
		{2521674F-3373-4434-AE72-AFBA37D9F7DA}.Debug|Any CPU.ActiveCfg = Debug|Any CPU
		{2521674F-3373-4434-AE72-AFBA37D9F7DA}.Debug|Any CPU.Build.0 = Debug|Any CPU
		{2521674F-3373-4434-AE72-AFBA37D9F7DA}.Release|Any CPU.ActiveCfg = Release|Any CPU
		{2521674F-3373-4434-AE72-AFBA37D9F7DA}.Release|Any CPU.Build.0 = Release|Any CPU
	EndGlobalSection
	GlobalSection(SolutionProperties) = preSolution
		HideSolutionNode = FALSE
	EndGlobalSection
EndGlobal
